
Microsoft Visual Studio Solution File, Format Version 12.00
# Visual Studio Version 17
VisualStudioVersion = 17.9.34607.119
MinimumVisualStudioVersion = 10.0.40219.1
Project("{9A19103F-16F7-4668-BE54-9A1E7A4F7556}") = "Exercicio1", "Exercicio1\Exercicio1.csproj", "{374D2896-0582-419F-B570-D494FD1EDDE9}"
EndProject
Project("{FAE04EC0-301F-11D3-BF4B-00C04F79EFBC}") = "Exercicio2", "Exercicio2\Exercicio2.csproj", "{66CDB87D-27DA-4BA2-9CE7-DE8ED67EA7B6}"
EndProject
Global
	GlobalSection(SolutionConfigurationPlatforms) = preSolution
		Debug|Any CPU = Debug|Any CPU
		Release|Any CPU = Release|Any CPU
	EndGlobalSection
	GlobalSection(ProjectConfigurationPlatforms) = postSolution
		{374D2896-0582-419F-B570-D494FD1EDDE9}.Debug|Any CPU.ActiveCfg = Debug|Any CPU
		{374D2896-0582-419F-B570-D494FD1EDDE9}.Debug|Any CPU.Build.0 = Debug|Any CPU
		{374D2896-0582-419F-B570-D494FD1EDDE9}.Release|Any CPU.ActiveCfg = Release|Any CPU
		{374D2896-0582-419F-B570-D494FD1EDDE9}.Release|Any CPU.Build.0 = Release|Any CPU
		{66CDB87D-27DA-4BA2-9CE7-DE8ED67EA7B6}.Debug|Any CPU.ActiveCfg = Debug|Any CPU
		{66CDB87D-27DA-4BA2-9CE7-DE8ED67EA7B6}.Debug|Any CPU.Build.0 = Debug|Any CPU
		{66CDB87D-27DA-4BA2-9CE7-DE8ED67EA7B6}.Release|Any CPU.ActiveCfg = Release|Any CPU
		{66CDB87D-27DA-4BA2-9CE7-DE8ED67EA7B6}.Release|Any CPU.Build.0 = Release|Any CPU
	EndGlobalSection
	GlobalSection(SolutionProperties) = preSolution
		HideSolutionNode = FALSE
	EndGlobalSection
	GlobalSection(ExtensibilityGlobals) = postSolution
		SolutionGuid = {AD401491-B7B5-437F-99E4-C79BB2D9C5B0}
	EndGlobalSection
EndGlobal
